// !$*UTF8*$!
{
	archiveVersion = 1;
	classes = {
	};
	objectVersion = 50;
	objects = {

/* Begin PBXBuildFile section */
		183DC23D2437B7700060F37F /* AppDelegate.swift in Sources */ = {isa = PBXBuildFile; fileRef = 183DC23C2437B7700060F37F /* AppDelegate.swift */; };
		183DC23F2437B7700060F37F /* SceneDelegate.swift in Sources */ = {isa = PBXBuildFile; fileRef = 183DC23E2437B7700060F37F /* SceneDelegate.swift */; };
		183DC2412437B7700060F37F /* ViewController.swift in Sources */ = {isa = PBXBuildFile; fileRef = 183DC2402437B7700060F37F /* ViewController.swift */; };
		183DC2442437B7700060F37F /* Main.storyboard in Resources */ = {isa = PBXBuildFile; fileRef = 183DC2422437B7700060F37F /* Main.storyboard */; };
		183DC2462437B7720060F37F /* Assets.xcassets in Resources */ = {isa = PBXBuildFile; fileRef = 183DC2452437B7720060F37F /* Assets.xcassets */; };
		183DC2492437B7720060F37F /* LaunchScreen.storyboard in Resources */ = {isa = PBXBuildFile; fileRef = 183DC2472437B7720060F37F /* LaunchScreen.storyboard */; };
		183DC2542437B7720060F37F /* NotificationObserverDemoTests.swift in Sources */ = {isa = PBXBuildFile; fileRef = 183DC2532437B7720060F37F /* NotificationObserverDemoTests.swift */; };
		183DC25F2437B7720060F37F /* NotificationObserverDemoUITests.swift in Sources */ = {isa = PBXBuildFile; fileRef = 183DC25E2437B7720060F37F /* NotificationObserverDemoUITests.swift */; };
/* End PBXBuildFile section */

/* Begin PBXContainerItemProxy section */
		183DC2502437B7720060F37F /* PBXContainerItemProxy */ = {
			isa = PBXContainerItemProxy;
			containerPortal = 183DC2312437B7700060F37F /* Project object */;
			proxyType = 1;
			remoteGlobalIDString = 183DC2382437B7700060F37F;
			remoteInfo = NotificationObserverDemo;
		};
		183DC25B2437B7720060F37F /* PBXContainerItemProxy */ = {
			isa = PBXContainerItemProxy;
			containerPortal = 183DC2312437B7700060F37F /* Project object */;
			proxyType = 1;
			remoteGlobalIDString = 183DC2382437B7700060F37F;
			remoteInfo = NotificationObserverDemo;
		};
/* End PBXContainerItemProxy section */

/* Begin PBXFileReference section */
		183DC2392437B7700060F37F /* NotificationObserverDemo.app */ = {isa = PBXFileReference; explicitFileType = wrapper.application; includeInIndex = 0; path = NotificationObserverDemo.app; sourceTree = BUILT_PRODUCTS_DIR; };
		183DC23C2437B7700060F37F /* AppDelegate.swift */ = {isa = PBXFileReference; lastKnownFileType = sourcecode.swift; path = AppDelegate.swift; sourceTree = "<group>"; };
		183DC23E2437B7700060F37F /* SceneDelegate.swift */ = {isa = PBXFileReference; lastKnownFileType = sourcecode.swift; path = SceneDelegate.swift; sourceTree = "<group>"; };
		183DC2402437B7700060F37F /* ViewController.swift */ = {isa = PBXFileReference; lastKnownFileType = sourcecode.swift; path = ViewController.swift; sourceTree = "<group>"; };
		183DC2432437B7700060F37F /* Base */ = {isa = PBXFileReference; lastKnownFileType = file.storyboard; name = Base; path = Base.lproj/Main.storyboard; sourceTree = "<group>"; };
		183DC2452437B7720060F37F /* Assets.xcassets */ = {isa = PBXFileReference; lastKnownFileType = folder.assetcatalog; path = Assets.xcassets; sourceTree = "<group>"; };
		183DC2482437B7720060F37F /* Base */ = {isa = PBXFileReference; lastKnownFileType = file.storyboard; name = Base; path = Base.lproj/LaunchScreen.storyboard; sourceTree = "<group>"; };
		183DC24A2437B7720060F37F /* Info.plist */ = {isa = PBXFileReference; lastKnownFileType = text.plist.xml; path = Info.plist; sourceTree = "<group>"; };
		183DC24F2437B7720060F37F /* NotificationObserverDemoTests.xctest */ = {isa = PBXFileReference; explicitFileType = wrapper.cfbundle; includeInIndex = 0; path = NotificationObserverDemoTests.xctest; sourceTree = BUILT_PRODUCTS_DIR; };
		183DC2532437B7720060F37F /* NotificationObserverDemoTests.swift */ = {isa = PBXFileReference; lastKnownFileType = sourcecode.swift; path = NotificationObserverDemoTests.swift; sourceTree = "<group>"; };
		183DC2552437B7720060F37F /* Info.plist */ = {isa = PBXFileReference; lastKnownFileType = text.plist.xml; path = Info.plist; sourceTree = "<group>"; };
		183DC25A2437B7720060F37F /* NotificationObserverDemoUITests.xctest */ = {isa = PBXFileReference; explicitFileType = wrapper.cfbundle; includeInIndex = 0; path = NotificationObserverDemoUITests.xctest; sourceTree = BUILT_PRODUCTS_DIR; };
		183DC25E2437B7720060F37F /* NotificationObserverDemoUITests.swift */ = {isa = PBXFileReference; lastKnownFileType = sourcecode.swift; path = NotificationObserverDemoUITests.swift; sourceTree = "<group>"; };
		183DC2602437B7720060F37F /* Info.plist */ = {isa = PBXFileReference; lastKnownFileType = text.plist.xml; path = Info.plist; sourceTree = "<group>"; };
/* End PBXFileReference section */

/* Begin PBXFrameworksBuildPhase section */
		183DC2362437B7700060F37F /* Frameworks */ = {
			isa = PBXFrameworksBuildPhase;
			buildActionMask = 2147483647;
			files = (
			);
			runOnlyForDeploymentPostprocessing = 0;
		};
		183DC24C2437B7720060F37F /* Frameworks */ = {
			isa = PBXFrameworksBuildPhase;
			buildActionMask = 2147483647;
			files = (
			);
			runOnlyForDeploymentPostprocessing = 0;
		};
		183DC2572437B7720060F37F /* Frameworks */ = {
			isa = PBXFrameworksBuildPhase;
			buildActionMask = 2147483647;
			files = (
			);
			runOnlyForDeploymentPostprocessing = 0;
		};
/* End PBXFrameworksBuildPhase section */

/* Begin PBXGroup section */
		183DC2302437B7700060F37F = {
			isa = PBXGroup;
			children = (
				183DC23B2437B7700060F37F /* NotificationObserverDemo */,
				183DC2522437B7720060F37F /* NotificationObserverDemoTests */,
				183DC25D2437B7720060F37F /* NotificationObserverDemoUITests */,
				183DC23A2437B7700060F37F /* Products */,
			);
			sourceTree = "<group>";
		};
		183DC23A2437B7700060F37F /* Products */ = {
			isa = PBXGroup;
			children = (
				183DC2392437B7700060F37F /* NotificationObserverDemo.app */,
				183DC24F2437B7720060F37F /* NotificationObserverDemoTests.xctest */,
				183DC25A2437B7720060F37F /* NotificationObserverDemoUITests.xctest */,
			);
			name = Products;
			sourceTree = "<group>";
		};
		183DC23B2437B7700060F37F /* NotificationObserverDemo */ = {
			isa = PBXGroup;
			children = (
				183DC23C2437B7700060F37F /* AppDelegate.swift */,
				183DC23E2437B7700060F37F /* SceneDelegate.swift */,
				183DC2402437B7700060F37F /* ViewController.swift */,
				183DC2422437B7700060F37F /* Main.storyboard */,
				183DC2452437B7720060F37F /* Assets.xcassets */,
				183DC2472437B7720060F37F /* LaunchScreen.storyboard */,
				183DC24A2437B7720060F37F /* Info.plist */,
			);
			path = NotificationObserverDemo;
			sourceTree = "<group>";
		};
		183DC2522437B7720060F37F /* NotificationObserverDemoTests */ = {
			isa = PBXGroup;
			children = (
				183DC2532437B7720060F37F /* NotificationObserverDemoTests.swift */,
				183DC2552437B7720060F37F /* Info.plist */,
			);
			path = NotificationObserverDemoTests;
			sourceTree = "<group>";
		};
		183DC25D2437B7720060F37F /* NotificationObserverDemoUITests */ = {
			isa = PBXGroup;
			children = (
				183DC25E2437B7720060F37F /* NotificationObserverDemoUITests.swift */,
				183DC2602437B7720060F37F /* Info.plist */,
			);
			path = NotificationObserverDemoUITests;
			sourceTree = "<group>";
		};
/* End PBXGroup section */

/* Begin PBXNativeTarget section */
		183DC2382437B7700060F37F /* NotificationObserverDemo */ = {
			isa = PBXNativeTarget;
			buildConfigurationList = 183DC2632437B7720060F37F /* Build configuration list for PBXNativeTarget "NotificationObserverDemo" */;
			buildPhases = (
				183DC2352437B7700060F37F /* Sources */,
				183DC2362437B7700060F37F /* Frameworks */,
				183DC2372437B7700060F37F /* Resources */,
			);
			buildRules = (
			);
			dependencies = (
			);
			name = NotificationObserverDemo;
			productName = NotificationObserverDemo;
			productReference = 183DC2392437B7700060F37F /* NotificationObserverDemo.app */;
			productType = "com.apple.product-type.application";
		};
		183DC24E2437B7720060F37F /* NotificationObserverDemoTests */ = {
			isa = PBXNativeTarget;
			buildConfigurationList = 183DC2662437B7720060F37F /* Build configuration list for PBXNativeTarget "NotificationObserverDemoTests" */;
			buildPhases = (
				183DC24B2437B7720060F37F /* Sources */,
				183DC24C2437B7720060F37F /* Frameworks */,
				183DC24D2437B7720060F37F /* Resources */,
			);
			buildRules = (
			);
			dependencies = (
				183DC2512437B7720060F37F /* PBXTargetDependency */,
			);
			name = NotificationObserverDemoTests;
			productName = NotificationObserverDemoTests;
			productReference = 183DC24F2437B7720060F37F /* NotificationObserverDemoTests.xctest */;
			productType = "com.apple.product-type.bundle.unit-test";
		};
		183DC2592437B7720060F37F /* NotificationObserverDemoUITests */ = {
			isa = PBXNativeTarget;
			buildConfigurationList = 183DC2692437B7720060F37F /* Build configuration list for PBXNativeTarget "NotificationObserverDemoUITests" */;
			buildPhases = (
				183DC2562437B7720060F37F /* Sources */,
				183DC2572437B7720060F37F /* Frameworks */,
				183DC2582437B7720060F37F /* Resources */,
			);
			buildRules = (
			);
			dependencies = (
				183DC25C2437B7720060F37F /* PBXTargetDependency */,
			);
			name = NotificationObserverDemoUITests;
			productName = NotificationObserverDemoUITests;
			productReference = 183DC25A2437B7720060F37F /* NotificationObserverDemoUITests.xctest */;
			productType = "com.apple.product-type.bundle.ui-testing";
		};
/* End PBXNativeTarget section */

/* Begin PBXProject section */
		183DC2312437B7700060F37F /* Project object */ = {
			isa = PBXProject;
			attributes = {
				LastSwiftUpdateCheck = 1130;
				LastUpgradeCheck = 1130;
				ORGANIZATIONNAME = apple;
				TargetAttributes = {
					183DC2382437B7700060F37F = {
						CreatedOnToolsVersion = 11.3.1;
					};
					183DC24E2437B7720060F37F = {
						CreatedOnToolsVersion = 11.3.1;
						TestTargetID = 183DC2382437B7700060F37F;
					};
					183DC2592437B7720060F37F = {
						CreatedOnToolsVersion = 11.3.1;
						TestTargetID = 183DC2382437B7700060F37F;
					};
				};
			};
			buildConfigurationList = 183DC2342437B7700060F37F /* Build configuration list for PBXProject "NotificationObserverDemo" */;
			compatibilityVersion = "Xcode 9.3";
			developmentRegion = en;
			hasScannedForEncodings = 0;
			knownRegions = (
				en,
				Base,
			);
			mainGroup = 183DC2302437B7700060F37F;
			productRefGroup = 183DC23A2437B7700060F37F /* Products */;
			projectDirPath = "";
			projectRoot = "";
			targets = (
				183DC2382437B7700060F37F /* NotificationObserverDemo */,
				183DC24E2437B7720060F37F /* NotificationObserverDemoTests */,
				183DC2592437B7720060F37F /* NotificationObserverDemoUITests */,
			);
		};
/* End PBXProject section */

/* Begin PBXResourcesBuildPhase section */
		183DC2372437B7700060F37F /* Resources */ = {
			isa = PBXResourcesBuildPhase;
			buildActionMask = 2147483647;
			files = (
				183DC2492437B7720060F37F /* LaunchScreen.storyboard in Resources */,
				183DC2462437B7720060F37F /* Assets.xcassets in Resources */,
				183DC2442437B7700060F37F /* Main.storyboard in Resources */,
			);
			runOnlyForDeploymentPostprocessing = 0;
		};
		183DC24D2437B7720060F37F /* Resources */ = {
			isa = PBXResourcesBuildPhase;
			buildActionMask = 2147483647;
			files = (
			);
			runOnlyForDeploymentPostprocessing = 0;
		};
		183DC2582437B7720060F37F /* Resources */ = {
			isa = PBXResourcesBuildPhase;
			buildActionMask = 2147483647;
			files = (
			);
			runOnlyForDeploymentPostprocessing = 0;
		};
/* End PBXResourcesBuildPhase section */

/* Begin PBXSourcesBuildPhase section */
		183DC2352437B7700060F37F /* Sources */ = {
			isa = PBXSourcesBuildPhase;
			buildActionMask = 2147483647;
			files = (
				183DC2412437B7700060F37F /* ViewController.swift in Sources */,
				183DC23D2437B7700060F37F /* AppDelegate.swift in Sources */,
				183DC23F2437B7700060F37F /* SceneDelegate.swift in Sources */,
			);
			runOnlyForDeploymentPostprocessing = 0;
		};
		183DC24B2437B7720060F37F /* Sources */ = {
			isa = PBXSourcesBuildPhase;
			buildActionMask = 2147483647;
			files = (
				183DC2542437B7720060F37F /* NotificationObserverDemoTests.swift in Sources */,
			);
			runOnlyForDeploymentPostprocessing = 0;
		};
		183DC2562437B7720060F37F /* Sources */ = {
			isa = PBXSourcesBuildPhase;
			buildActionMask = 2147483647;
			files = (
				183DC25F2437B7720060F37F /* NotificationObserverDemoUITests.swift in Sources */,
			);
			runOnlyForDeploymentPostprocessing = 0;
		};
/* End PBXSourcesBuildPhase section */

/* Begin PBXTargetDependency section */
		183DC2512437B7720060F37F /* PBXTargetDependency */ = {
			isa = PBXTargetDependency;
			target = 183DC2382437B7700060F37F /* NotificationObserverDemo */;
			targetProxy = 183DC2502437B7720060F37F /* PBXContainerItemProxy */;
		};
		183DC25C2437B7720060F37F /* PBXTargetDependency */ = {
			isa = PBXTargetDependency;
			target = 183DC2382437B7700060F37F /* NotificationObserverDemo */;
			targetProxy = 183DC25B2437B7720060F37F /* PBXContainerItemProxy */;
		};
/* End PBXTargetDependency section */

/* Begin PBXVariantGroup section */
		183DC2422437B7700060F37F /* Main.storyboard */ = {
			isa = PBXVariantGroup;
			children = (
				183DC2432437B7700060F37F /* Base */,
			);
			name = Main.storyboard;
			sourceTree = "<group>";
		};
		183DC2472437B7720060F37F /* LaunchScreen.storyboard */ = {
			isa = PBXVariantGroup;
			children = (
				183DC2482437B7720060F37F /* Base */,
			);
			name = LaunchScreen.storyboard;
			sourceTree = "<group>";
		};
/* End PBXVariantGroup section */

/* Begin XCBuildConfiguration section */
		183DC2612437B7720060F37F /* Debug */ = {
			isa = XCBuildConfiguration;
			buildSettings = {
				ALWAYS_SEARCH_USER_PATHS = NO;
				CLANG_ANALYZER_NONNULL = YES;
				CLANG_ANALYZER_NUMBER_OBJECT_CONVERSION = YES_AGGRESSIVE;
				CLANG_CXX_LANGUAGE_STANDARD = "gnu++14";
				CLANG_CXX_LIBRARY = "libc++";
				CLANG_ENABLE_MODULES = YES;
				CLANG_ENABLE_OBJC_ARC = YES;
				CLANG_ENABLE_OBJC_WEAK = YES;
				CLANG_WARN_BLOCK_CAPTURE_AUTORELEASING = YES;
				CLANG_WARN_BOOL_CONVERSION = YES;
				CLANG_WARN_COMMA = YES;
				CLANG_WARN_CONSTANT_CONVERSION = YES;
				CLANG_WARN_DEPRECATED_OBJC_IMPLEMENTATIONS = YES;
				CLANG_WARN_DIRECT_OBJC_ISA_USAGE = YES_ERROR;
				CLANG_WARN_DOCUMENTATION_COMMENTS = YES;
				CLANG_WARN_EMPTY_BODY = YES;
				CLANG_WARN_ENUM_CONVERSION = YES;
				CLANG_WARN_INFINITE_RECURSION = YES;
				CLANG_WARN_INT_CONVERSION = YES;
				CLANG_WARN_NON_LITERAL_NULL_CONVERSION = YES;
				CLANG_WARN_OBJC_IMPLICIT_RETAIN_SELF = YES;
				CLANG_WARN_OBJC_LITERAL_CONVERSION = YES;
				CLANG_WARN_OBJC_ROOT_CLASS = YES_ERROR;
				CLANG_WARN_RANGE_LOOP_ANALYSIS = YES;
				CLANG_WARN_STRICT_PROTOTYPES = YES;
				CLANG_WARN_SUSPICIOUS_MOVE = YES;
				CLANG_WARN_UNGUARDED_AVAILABILITY = YES_AGGRESSIVE;
				CLANG_WARN_UNREACHABLE_CODE = YES;
				CLANG_WARN__DUPLICATE_METHOD_MATCH = YES;
				COPY_PHASE_STRIP = NO;
				DEBUG_INFORMATION_FORMAT = dwarf;
				ENABLE_STRICT_OBJC_MSGSEND = YES;
				ENABLE_TESTABILITY = YES;
				GCC_C_LANGUAGE_STANDARD = gnu11;
				GCC_DYNAMIC_NO_PIC = NO;
				GCC_NO_COMMON_BLOCKS = YES;
				GCC_OPTIMIZATION_LEVEL = 0;
				GCC_PREPROCESSOR_DEFINITIONS = (
					"DEBUG=1",
					"$(inherited)",
				);
				GCC_WARN_64_TO_32_BIT_CONVERSION = YES;
				GCC_WARN_ABOUT_RETURN_TYPE = YES_ERROR;
				GCC_WARN_UNDECLARED_SELECTOR = YES;
				GCC_WARN_UNINITIALIZED_AUTOS = YES_AGGRESSIVE;
				GCC_WARN_UNUSED_FUNCTION = YES;
				GCC_WARN_UNUSED_VARIABLE = YES;
				IPHONEOS_DEPLOYMENT_TARGET = 13.2;
				MTL_ENABLE_DEBUG_INFO = INCLUDE_SOURCE;
				MTL_FAST_MATH = YES;
				ONLY_ACTIVE_ARCH = YES;
				SDKROOT = iphoneos;
				SWIFT_ACTIVE_COMPILATION_CONDITIONS = DEBUG;
				SWIFT_OPTIMIZATION_LEVEL = "-Onone";
			};
			name = Debug;
		};
		183DC2622437B7720060F37F /* Release */ = {
			isa = XCBuildConfiguration;
			buildSettings = {
				ALWAYS_SEARCH_USER_PATHS = NO;
				CLANG_ANALYZER_NONNULL = YES;
				CLANG_ANALYZER_NUMBER_OBJECT_CONVERSION = YES_AGGRESSIVE;
				CLANG_CXX_LANGUAGE_STANDARD = "gnu++14";
				CLANG_CXX_LIBRARY = "libc++";
				CLANG_ENABLE_MODULES = YES;
				CLANG_ENABLE_OBJC_ARC = YES;
				CLANG_ENABLE_OBJC_WEAK = YES;
				CLANG_WARN_BLOCK_CAPTURE_AUTORELEASING = YES;
				CLANG_WARN_BOOL_CONVERSION = YES;
				CLANG_WARN_COMMA = YES;
				CLANG_WARN_CONSTANT_CONVERSION = YES;
				CLANG_WARN_DEPRECATED_OBJC_IMPLEMENTATIONS = YES;
				CLANG_WARN_DIRECT_OBJC_ISA_USAGE = YES_ERROR;
				CLANG_WARN_DOCUMENTATION_COMMENTS = YES;
				CLANG_WARN_EMPTY_BODY = YES;
				CLANG_WARN_ENUM_CONVERSION = YES;
				CLANG_WARN_INFINITE_RECURSION = YES;
				CLANG_WARN_INT_CONVERSION = YES;
				CLANG_WARN_NON_LITERAL_NULL_CONVERSION = YES;
				CLANG_WARN_OBJC_IMPLICIT_RETAIN_SELF = YES;
				CLANG_WARN_OBJC_LITERAL_CONVERSION = YES;
				CLANG_WARN_OBJC_ROOT_CLASS = YES_ERROR;
				CLANG_WARN_RANGE_LOOP_ANALYSIS = YES;
				CLANG_WARN_STRICT_PROTOTYPES = YES;
				CLANG_WARN_SUSPICIOUS_MOVE = YES;
				CLANG_WARN_UNGUARDED_AVAILABILITY = YES_AGGRESSIVE;
				CLANG_WARN_UNREACHABLE_CODE = YES;
				CLANG_WARN__DUPLICATE_METHOD_MATCH = YES;
				COPY_PHASE_STRIP = NO;
				DEBUG_INFORMATION_FORMAT = "dwarf-with-dsym";
				ENABLE_NS_ASSERTIONS = NO;
				ENABLE_STRICT_OBJC_MSGSEND = YES;
				GCC_C_LANGUAGE_STANDARD = gnu11;
				GCC_NO_COMMON_BLOCKS = YES;
				GCC_WARN_64_TO_32_BIT_CONVERSION = YES;
				GCC_WARN_ABOUT_RETURN_TYPE = YES_ERROR;
				GCC_WARN_UNDECLARED_SELECTOR = YES;
				GCC_WARN_UNINITIALIZED_AUTOS = YES_AGGRESSIVE;
				GCC_WARN_UNUSED_FUNCTION = YES;
				GCC_WARN_UNUSED_VARIABLE = YES;
				IPHONEOS_DEPLOYMENT_TARGET = 13.2;
				MTL_ENABLE_DEBUG_INFO = NO;
				MTL_FAST_MATH = YES;
				SDKROOT = iphoneos;
				SWIFT_COMPILATION_MODE = wholemodule;
				SWIFT_OPTIMIZATION_LEVEL = "-O";
				VALIDATE_PRODUCT = YES;
			};
			name = Release;
		};
		183DC2642437B7720060F37F /* Debug */ = {
			isa = XCBuildConfiguration;
			buildSettings = {
				ASSETCATALOG_COMPILER_APPICON_NAME = AppIcon;
				CODE_SIGN_STYLE = Automatic;
				INFOPLIST_FILE = NotificationObserverDemo/Info.plist;
				LD_RUNPATH_SEARCH_PATHS = (
					"$(inherited)",
					"@executable_path/Frameworks",
				);
				PRODUCT_BUNDLE_IDENTIFIER = minal.com.NotificationObserverDemo;
				PRODUCT_NAME = "$(TARGET_NAME)";
				SWIFT_VERSION = 5.0;
				TARGETED_DEVICE_FAMILY = "1,2";
			};
			name = Debug;
		};
		183DC2652437B7720060F37F /* Release */ = {
			isa = XCBuildConfiguration;
			buildSettings = {
				ASSETCATALOG_COMPILER_APPICON_NAME = AppIcon;
				CODE_SIGN_STYLE = Automatic;
				INFOPLIST_FILE = NotificationObserverDemo/Info.plist;
				LD_RUNPATH_SEARCH_PATHS = (
					"$(inherited)",
					"@executable_path/Frameworks",
				);
				PRODUCT_BUNDLE_IDENTIFIER = minal.com.NotificationObserverDemo;
				PRODUCT_NAME = "$(TARGET_NAME)";
				SWIFT_VERSION = 5.0;
				TARGETED_DEVICE_FAMILY = "1,2";
			};
			name = Release;
		};
		183DC2672437B7720060F37F /* Debug */ = {
			isa = XCBuildConfiguration;
			buildSettings = {
				ALWAYS_EMBED_SWIFT_STANDARD_LIBRARIES = YES;
				BUNDLE_LOADER = "$(TEST_HOST)";
				CODE_SIGN_STYLE = Automatic;
				INFOPLIST_FILE = NotificationObserverDemoTests/Info.plist;
				IPHONEOS_DEPLOYMENT_TARGET = 13.2;
				LD_RUNPATH_SEARCH_PATHS = (
					"$(inherited)",
					"@executable_path/Frameworks",
					"@loader_path/Frameworks",
				);
				PRODUCT_BUNDLE_IDENTIFIER = minal.com.NotificationObserverDemoTests;
				PRODUCT_NAME = "$(TARGET_NAME)";
				SWIFT_VERSION = 5.0;
				TARGETED_DEVICE_FAMILY = "1,2";
				TEST_HOST = "$(BUILT_PRODUCTS_DIR)/NotificationObserverDemo.app/NotificationObserverDemo";
			};
			name = Debug;
		};
		183DC2682437B7720060F37F /* Release */ = {
			isa = XCBuildConfiguration;
			buildSettings = {
				ALWAYS_EMBED_SWIFT_STANDARD_LIBRARIES = YES;
				BUNDLE_LOADER = "$(TEST_HOST)";
				CODE_SIGN_STYLE = Automatic;
				INFOPLIST_FILE = NotificationObserverDemoTests/Info.plist;
				IPHONEOS_DEPLOYMENT_TARGET = 13.2;
				LD_RUNPATH_SEARCH_PATHS = (
					"$(inherited)",
					"@executable_path/Frameworks",
					"@loader_path/Frameworks",
				);
				PRODUCT_BUNDLE_IDENTIFIER = minal.com.NotificationObserverDemoTests;
				PRODUCT_NAME = "$(TARGET_NAME)";
				SWIFT_VERSION = 5.0;
				TARGETED_DEVICE_FAMILY = "1,2";
				TEST_HOST = "$(BUILT_PRODUCTS_DIR)/NotificationObserverDemo.app/NotificationObserverDemo";
			};
			name = Release;
		};
		183DC26A2437B7720060F37F /* Debug */ = {
			isa = XCBuildConfiguration;
			buildSettings = {
				ALWAYS_EMBED_SWIFT_STANDARD_LIBRARIES = YES;
				CODE_SIGN_STYLE = Automatic;
				INFOPLIST_FILE = NotificationObserverDemoUITests/Info.plist;
				LD_RUNPATH_SEARCH_PATHS = (
					"$(inherited)",
					"@executable_path/Frameworks",
					"@loader_path/Frameworks",
				);
				PRODUCT_BUNDLE_IDENTIFIER = minal.com.NotificationObserverDemoUITests;
				PRODUCT_NAME = "$(TARGET_NAME)";
				SWIFT_VERSION = 5.0;
				TARGETED_DEVICE_FAMILY = "1,2";
				TEST_TARGET_NAME = NotificationObserverDemo;
			};
			name = Debug;
		};
		183DC26B2437B7720060F37F /* Release */ = {
			isa = XCBuildConfiguration;
			buildSettings = {
				ALWAYS_EMBED_SWIFT_STANDARD_LIBRARIES = YES;
				CODE_SIGN_STYLE = Automatic;
				INFOPLIST_FILE = NotificationObserverDemoUITests/Info.plist;
				LD_RUNPATH_SEARCH_PATHS = (
					"$(inherited)",
					"@executable_path/Frameworks",
					"@loader_path/Frameworks",
				);
				PRODUCT_BUNDLE_IDENTIFIER = minal.com.NotificationObserverDemoUITests;
				PRODUCT_NAME = "$(TARGET_NAME)";
				SWIFT_VERSION = 5.0;
				TARGETED_DEVICE_FAMILY = "1,2";
				TEST_TARGET_NAME = NotificationObserverDemo;
			};
			name = Release;
		};
/* End XCBuildConfiguration section */

/* Begin XCConfigurationList section */
		183DC2342437B7700060F37F /* Build configuration list for PBXProject "NotificationObserverDemo" */ = {
			isa = XCConfigurationList;
			buildConfigurations = (
				183DC2612437B7720060F37F /* Debug */,
				183DC2622437B7720060F37F /* Release */,
			);
			defaultConfigurationIsVisible = 0;
			defaultConfigurationName = Release;
		};
		183DC2632437B7720060F37F /* Build configuration list for PBXNativeTarget "NotificationObserverDemo" */ = {
			isa = XCConfigurationList;
			buildConfigurations = (
				183DC2642437B7720060F37F /* Debug */,
				183DC2652437B7720060F37F /* Release */,
			);
			defaultConfigurationIsVisible = 0;
			defaultConfigurationName = Release;
		};
		183DC2662437B7720060F37F /* Build configuration list for PBXNativeTarget "NotificationObserverDemoTests" */ = {
			isa = XCConfigurationList;
			buildConfigurations = (
				183DC2672437B7720060F37F /* Debug */,
				183DC2682437B7720060F37F /* Release */,
			);
			defaultConfigurationIsVisible = 0;
			defaultConfigurationName = Release;
		};
		183DC2692437B7720060F37F /* Build configuration list for PBXNativeTarget "NotificationObserverDemoUITests" */ = {
			isa = XCConfigurationList;
			buildConfigurations = (
				183DC26A2437B7720060F37F /* Debug */,
				183DC26B2437B7720060F37F /* Release */,
			);
			defaultConfigurationIsVisible = 0;
			defaultConfigurationName = Release;
		};
/* End XCConfigurationList section */
	};
	rootObject = 183DC2312437B7700060F37F /* Project object */;
}
